// !$*UTF8*$!
{
	archiveVersion = 1;
	classes = {
	};
	objectVersion = 56;
	objects = {

/* Begin PBXBuildFile section */
		934EC5032A7E1D2800E00E1F /* Colors.swift in Sources */ = {isa = PBXBuildFile; fileRef = 934EC5022A7E1D2800E00E1F /* Colors.swift */; };
		939821C72A7C52AB001221E0 /* ApiRouter.swift in Sources */ = {isa = PBXBuildFile; fileRef = 939821C62A7C52AB001221E0 /* ApiRouter.swift */; };
		939821C92A7C5C37001221E0 /* Serializers.swift in Sources */ = {isa = PBXBuildFile; fileRef = 939821C82A7C5C37001221E0 /* Serializers.swift */; };
		939821CD2A7C6110001221E0 /* ResponseError.swift in Sources */ = {isa = PBXBuildFile; fileRef = 939821CC2A7C6110001221E0 /* ResponseError.swift */; };
		939821CF2A7C611A001221E0 /* GenericError.swift in Sources */ = {isa = PBXBuildFile; fileRef = 939821CE2A7C611A001221E0 /* GenericError.swift */; };
		939821D12A7C6B6D001221E0 /* Pokedex.swift in Sources */ = {isa = PBXBuildFile; fileRef = 939821D02A7C6B6D001221E0 /* Pokedex.swift */; };
		939821D42A7C6B8A001221E0 /* Pokemon.swift in Sources */ = {isa = PBXBuildFile; fileRef = 939821D32A7C6B8A001221E0 /* Pokemon.swift */; };
		939821E02A7C7154001221E0 /* PokemonView.swift in Sources */ = {isa = PBXBuildFile; fileRef = 939821DF2A7C7154001221E0 /* PokemonView.swift */; };
		939821E22A7C7161001221E0 /* PokemonRow.swift in Sources */ = {isa = PBXBuildFile; fileRef = 939821E12A7C7161001221E0 /* PokemonRow.swift */; };
		939821E42A7C71A2001221E0 /* StatsRow.swift in Sources */ = {isa = PBXBuildFile; fileRef = 939821E32A7C71A2001221E0 /* StatsRow.swift */; };
		939821E62A7C7204001221E0 /* BodyRow.swift in Sources */ = {isa = PBXBuildFile; fileRef = 939821E52A7C7204001221E0 /* BodyRow.swift */; };
		939821F12A7C7342001221E0 /* DummyPokedex.json in Resources */ = {isa = PBXBuildFile; fileRef = 939821F02A7C7342001221E0 /* DummyPokedex.json */; };
		939821F52A7C759A001221E0 /* DummyPokemon.json in Resources */ = {isa = PBXBuildFile; fileRef = 939821F42A7C759A001221E0 /* DummyPokemon.json */; };
		939821F82A7D66BF001221E0 /* ModelData.swift in Sources */ = {isa = PBXBuildFile; fileRef = 939821F72A7D66BF001221E0 /* ModelData.swift */; };
		939821FA2A7D6718001221E0 /* DummyPokemonSpecies.json in Resources */ = {isa = PBXBuildFile; fileRef = 939821F92A7D6718001221E0 /* DummyPokemonSpecies.json */; };
		939821FC2A7D6784001221E0 /* PokemonSpecies.swift in Sources */ = {isa = PBXBuildFile; fileRef = 939821FB2A7D6784001221E0 /* PokemonSpecies.swift */; };
		93AE798D2A7C2A58003B8800 /* BancoCuscatlanChallengeApp.swift in Sources */ = {isa = PBXBuildFile; fileRef = 93AE798C2A7C2A58003B8800 /* BancoCuscatlanChallengeApp.swift */; };
		93AE798F2A7C2A58003B8800 /* ContentView.swift in Sources */ = {isa = PBXBuildFile; fileRef = 93AE798E2A7C2A58003B8800 /* ContentView.swift */; };
		93AE79912A7C2A5A003B8800 /* Assets.xcassets in Resources */ = {isa = PBXBuildFile; fileRef = 93AE79902A7C2A5A003B8800 /* Assets.xcassets */; };
		93AE79942A7C2A5A003B8800 /* Preview Assets.xcassets in Resources */ = {isa = PBXBuildFile; fileRef = 93AE79932A7C2A5A003B8800 /* Preview Assets.xcassets */; };
		93AE79B52A7C4E41003B8800 /* Alamofire in Frameworks */ = {isa = PBXBuildFile; productRef = 93AE79B42A7C4E41003B8800 /* Alamofire */; };
		93AE79B82A7C4E73003B8800 /* Nuke in Frameworks */ = {isa = PBXBuildFile; productRef = 93AE79B72A7C4E73003B8800 /* Nuke */; };
		93AE79BA2A7C4E73003B8800 /* NukeExtensions in Frameworks */ = {isa = PBXBuildFile; productRef = 93AE79B92A7C4E73003B8800 /* NukeExtensions */; };
		93AE79BC2A7C4E73003B8800 /* NukeUI in Frameworks */ = {isa = PBXBuildFile; productRef = 93AE79BB2A7C4E73003B8800 /* NukeUI */; };
		93AE79BE2A7C4E73003B8800 /* NukeVideo in Frameworks */ = {isa = PBXBuildFile; productRef = 93AE79BD2A7C4E73003B8800 /* NukeVideo */; };
		93B5D6D02A7D888500D3EED9 /* PokedexView.swift in Sources */ = {isa = PBXBuildFile; fileRef = 93B5D6CF2A7D888500D3EED9 /* PokedexView.swift */; };
		93B5D6D22A7D889900D3EED9 /* PokedexRow.swift in Sources */ = {isa = PBXBuildFile; fileRef = 93B5D6D12A7D889900D3EED9 /* PokedexRow.swift */; };
/* End PBXBuildFile section */

/* Begin PBXFileReference section */
		934EC5022A7E1D2800E00E1F /* Colors.swift */ = {isa = PBXFileReference; lastKnownFileType = sourcecode.swift; path = Colors.swift; sourceTree = "<group>"; };
		939821C62A7C52AB001221E0 /* ApiRouter.swift */ = {isa = PBXFileReference; lastKnownFileType = sourcecode.swift; path = ApiRouter.swift; sourceTree = "<group>"; };
		939821C82A7C5C37001221E0 /* Serializers.swift */ = {isa = PBXFileReference; lastKnownFileType = sourcecode.swift; path = Serializers.swift; sourceTree = "<group>"; };
		939821CC2A7C6110001221E0 /* ResponseError.swift */ = {isa = PBXFileReference; lastKnownFileType = sourcecode.swift; path = ResponseError.swift; sourceTree = "<group>"; };
		939821CE2A7C611A001221E0 /* GenericError.swift */ = {isa = PBXFileReference; lastKnownFileType = sourcecode.swift; path = GenericError.swift; sourceTree = "<group>"; };
		939821D02A7C6B6D001221E0 /* Pokedex.swift */ = {isa = PBXFileReference; lastKnownFileType = sourcecode.swift; path = Pokedex.swift; sourceTree = "<group>"; };
		939821D32A7C6B8A001221E0 /* Pokemon.swift */ = {isa = PBXFileReference; lastKnownFileType = sourcecode.swift; path = Pokemon.swift; sourceTree = "<group>"; };
		939821DF2A7C7154001221E0 /* PokemonView.swift */ = {isa = PBXFileReference; lastKnownFileType = sourcecode.swift; path = PokemonView.swift; sourceTree = "<group>"; };
		939821E12A7C7161001221E0 /* PokemonRow.swift */ = {isa = PBXFileReference; lastKnownFileType = sourcecode.swift; path = PokemonRow.swift; sourceTree = "<group>"; };
		939821E32A7C71A2001221E0 /* StatsRow.swift */ = {isa = PBXFileReference; lastKnownFileType = sourcecode.swift; path = StatsRow.swift; sourceTree = "<group>"; };
		939821E52A7C7204001221E0 /* BodyRow.swift */ = {isa = PBXFileReference; lastKnownFileType = sourcecode.swift; path = BodyRow.swift; sourceTree = "<group>"; };
		939821F02A7C7342001221E0 /* DummyPokedex.json */ = {isa = PBXFileReference; lastKnownFileType = text.json; path = DummyPokedex.json; sourceTree = "<group>"; };
		939821F42A7C759A001221E0 /* DummyPokemon.json */ = {isa = PBXFileReference; lastKnownFileType = text.json; path = DummyPokemon.json; sourceTree = "<group>"; };
		939821F72A7D66BF001221E0 /* ModelData.swift */ = {isa = PBXFileReference; lastKnownFileType = sourcecode.swift; path = ModelData.swift; sourceTree = "<group>"; };
		939821F92A7D6718001221E0 /* DummyPokemonSpecies.json */ = {isa = PBXFileReference; lastKnownFileType = text.json; path = DummyPokemonSpecies.json; sourceTree = "<group>"; };
		939821FB2A7D6784001221E0 /* PokemonSpecies.swift */ = {isa = PBXFileReference; lastKnownFileType = sourcecode.swift; path = PokemonSpecies.swift; sourceTree = "<group>"; };
		93AE79892A7C2A58003B8800 /* BancoCuscatlanChallenge.app */ = {isa = PBXFileReference; explicitFileType = wrapper.application; includeInIndex = 0; path = BancoCuscatlanChallenge.app; sourceTree = BUILT_PRODUCTS_DIR; };
		93AE798C2A7C2A58003B8800 /* BancoCuscatlanChallengeApp.swift */ = {isa = PBXFileReference; lastKnownFileType = sourcecode.swift; path = BancoCuscatlanChallengeApp.swift; sourceTree = "<group>"; };
		93AE798E2A7C2A58003B8800 /* ContentView.swift */ = {isa = PBXFileReference; lastKnownFileType = sourcecode.swift; path = ContentView.swift; sourceTree = "<group>"; };
		93AE79902A7C2A5A003B8800 /* Assets.xcassets */ = {isa = PBXFileReference; lastKnownFileType = folder.assetcatalog; path = Assets.xcassets; sourceTree = "<group>"; };
		93AE79932A7C2A5A003B8800 /* Preview Assets.xcassets */ = {isa = PBXFileReference; lastKnownFileType = folder.assetcatalog; path = "Preview Assets.xcassets"; sourceTree = "<group>"; };
		93B5D6CF2A7D888500D3EED9 /* PokedexView.swift */ = {isa = PBXFileReference; lastKnownFileType = sourcecode.swift; path = PokedexView.swift; sourceTree = "<group>"; };
		93B5D6D12A7D889900D3EED9 /* PokedexRow.swift */ = {isa = PBXFileReference; lastKnownFileType = sourcecode.swift; path = PokedexRow.swift; sourceTree = "<group>"; };
/* End PBXFileReference section */

/* Begin PBXFrameworksBuildPhase section */
		93AE79862A7C2A58003B8800 /* Frameworks */ = {
			isa = PBXFrameworksBuildPhase;
			buildActionMask = 2147483647;
			files = (
				93AE79B52A7C4E41003B8800 /* Alamofire in Frameworks */,
				93AE79B82A7C4E73003B8800 /* Nuke in Frameworks */,
				93AE79BE2A7C4E73003B8800 /* NukeVideo in Frameworks */,
				93AE79BA2A7C4E73003B8800 /* NukeExtensions in Frameworks */,
				93AE79BC2A7C4E73003B8800 /* NukeUI in Frameworks */,
			);
			runOnlyForDeploymentPostprocessing = 0;
		};
/* End PBXFrameworksBuildPhase section */

/* Begin PBXGroup section */
		934EC5012A7E1D1800E00E1F /* Utilities */ = {
			isa = PBXGroup;
			children = (
				934EC5022A7E1D2800E00E1F /* Colors.swift */,
			);
			path = Utilities;
			sourceTree = "<group>";
		};
		939821C32A7C51CD001221E0 /* Network */ = {
			isa = PBXGroup;
			children = (
				939821C62A7C52AB001221E0 /* ApiRouter.swift */,
				939821C82A7C5C37001221E0 /* Serializers.swift */,
			);
			path = Network;
			sourceTree = "<group>";
		};
		939821CA2A7C60F7001221E0 /* Models */ = {
			isa = PBXGroup;
			children = (
				939821F62A7D66AF001221E0 /* Dummies */,
				939821D22A7C6B74001221E0 /* Api */,
				939821CB2A7C6100001221E0 /* Error */,
			);
			path = Models;
			sourceTree = "<group>";
		};
		939821CB2A7C6100001221E0 /* Error */ = {
			isa = PBXGroup;
			children = (
				939821CC2A7C6110001221E0 /* ResponseError.swift */,
				939821CE2A7C611A001221E0 /* GenericError.swift */,
			);
			path = Error;
			sourceTree = "<group>";
		};
		939821D22A7C6B74001221E0 /* Api */ = {
			isa = PBXGroup;
			children = (
				939821D02A7C6B6D001221E0 /* Pokedex.swift */,
				939821D32A7C6B8A001221E0 /* Pokemon.swift */,
				939821FB2A7D6784001221E0 /* PokemonSpecies.swift */,
			);
			path = Api;
			sourceTree = "<group>";
		};
		939821D92A7C6FA0001221E0 /* Pokemon */ = {
			isa = PBXGroup;
			children = (
				939821DF2A7C7154001221E0 /* PokemonView.swift */,
				939821E12A7C7161001221E0 /* PokemonRow.swift */,
				939821E32A7C71A2001221E0 /* StatsRow.swift */,
				939821E52A7C7204001221E0 /* BodyRow.swift */,
			);
			path = Pokemon;
			sourceTree = "<group>";
		};
		939821DA2A7C6FAF001221E0 /* Pokedex */ = {
			isa = PBXGroup;
			children = (
				93B5D6D12A7D889900D3EED9 /* PokedexRow.swift */,
				93B5D6CF2A7D888500D3EED9 /* PokedexView.swift */,
			);
			path = Pokedex;
			sourceTree = "<group>";
		};
		939821E72A7C723E001221E0 /* Resources */ = {
			isa = PBXGroup;
			children = (
				939821F02A7C7342001221E0 /* DummyPokedex.json */,
				939821F42A7C759A001221E0 /* DummyPokemon.json */,
				939821F92A7D6718001221E0 /* DummyPokemonSpecies.json */,
			);
			path = Resources;
			sourceTree = "<group>";
		};
		939821F62A7D66AF001221E0 /* Dummies */ = {
			isa = PBXGroup;
			children = (
				939821F72A7D66BF001221E0 /* ModelData.swift */,
			);
			path = Dummies;
			sourceTree = "<group>";
		};
		93AE79802A7C2A58003B8800 = {
			isa = PBXGroup;
			children = (
				934EC5012A7E1D1800E00E1F /* Utilities */,
				93AE798B2A7C2A58003B8800 /* BancoCuscatlanChallenge */,
				93AE798A2A7C2A58003B8800 /* Products */,
			);
			sourceTree = "<group>";
		};
		93AE798A2A7C2A58003B8800 /* Products */ = {
			isa = PBXGroup;
			children = (
				93AE79892A7C2A58003B8800 /* BancoCuscatlanChallenge.app */,
			);
			name = Products;
			sourceTree = "<group>";
		};
		93AE798B2A7C2A58003B8800 /* BancoCuscatlanChallenge */ = {
			isa = PBXGroup;
			children = (
				939821E72A7C723E001221E0 /* Resources */,
				939821DA2A7C6FAF001221E0 /* Pokedex */,
				939821D92A7C6FA0001221E0 /* Pokemon */,
				939821CA2A7C60F7001221E0 /* Models */,
				939821C32A7C51CD001221E0 /* Network */,
				93AE798C2A7C2A58003B8800 /* BancoCuscatlanChallengeApp.swift */,
				93AE798E2A7C2A58003B8800 /* ContentView.swift */,
				93AE79902A7C2A5A003B8800 /* Assets.xcassets */,
				93AE79922A7C2A5A003B8800 /* Preview Content */,
			);
			path = BancoCuscatlanChallenge;
			sourceTree = "<group>";
		};
		93AE79922A7C2A5A003B8800 /* Preview Content */ = {
			isa = PBXGroup;
			children = (
				93AE79932A7C2A5A003B8800 /* Preview Assets.xcassets */,
			);
			path = "Preview Content";
			sourceTree = "<group>";
		};
/* End PBXGroup section */

/* Begin PBXNativeTarget section */
		93AE79882A7C2A58003B8800 /* BancoCuscatlanChallenge */ = {
			isa = PBXNativeTarget;
			buildConfigurationList = 93AE79972A7C2A5A003B8800 /* Build configuration list for PBXNativeTarget "BancoCuscatlanChallenge" */;
			buildPhases = (
				93AE79852A7C2A58003B8800 /* Sources */,
				93AE79862A7C2A58003B8800 /* Frameworks */,
				93AE79872A7C2A58003B8800 /* Resources */,
			);
			buildRules = (
			);
			dependencies = (
			);
			name = BancoCuscatlanChallenge;
			packageProductDependencies = (
				93AE79B42A7C4E41003B8800 /* Alamofire */,
				93AE79B72A7C4E73003B8800 /* Nuke */,
				93AE79B92A7C4E73003B8800 /* NukeExtensions */,
				93AE79BB2A7C4E73003B8800 /* NukeUI */,
				93AE79BD2A7C4E73003B8800 /* NukeVideo */,
			);
			productName = BancoCuscatlanChallenge;
			productReference = 93AE79892A7C2A58003B8800 /* BancoCuscatlanChallenge.app */;
			productType = "com.apple.product-type.application";
		};
/* End PBXNativeTarget section */

/* Begin PBXProject section */
		93AE79812A7C2A58003B8800 /* Project object */ = {
			isa = PBXProject;
			attributes = {
				BuildIndependentTargetsInParallel = 1;
				LastSwiftUpdateCheck = 1400;
				LastUpgradeCheck = 1400;
				TargetAttributes = {
					93AE79882A7C2A58003B8800 = {
						CreatedOnToolsVersion = 14.0.1;
					};
				};
			};
			buildConfigurationList = 93AE79842A7C2A58003B8800 /* Build configuration list for PBXProject "BancoCuscatlanChallenge" */;
			compatibilityVersion = "Xcode 14.0";
			developmentRegion = en;
			hasScannedForEncodings = 0;
			knownRegions = (
				en,
				Base,
			);
			mainGroup = 93AE79802A7C2A58003B8800;
			packageReferences = (
				93AE79B32A7C4E41003B8800 /* XCRemoteSwiftPackageReference "Alamofire" */,
				93AE79B62A7C4E73003B8800 /* XCRemoteSwiftPackageReference "Nuke" */,
			);
			productRefGroup = 93AE798A2A7C2A58003B8800 /* Products */;
			projectDirPath = "";
			projectRoot = "";
			targets = (
				93AE79882A7C2A58003B8800 /* BancoCuscatlanChallenge */,
			);
		};
/* End PBXProject section */

/* Begin PBXResourcesBuildPhase section */
		93AE79872A7C2A58003B8800 /* Resources */ = {
			isa = PBXResourcesBuildPhase;
			buildActionMask = 2147483647;
			files = (
				93AE79942A7C2A5A003B8800 /* Preview Assets.xcassets in Resources */,
				939821F52A7C759A001221E0 /* DummyPokemon.json in Resources */,
				93AE79912A7C2A5A003B8800 /* Assets.xcassets in Resources */,
				939821FA2A7D6718001221E0 /* DummyPokemonSpecies.json in Resources */,
				939821F12A7C7342001221E0 /* DummyPokedex.json in Resources */,
			);
			runOnlyForDeploymentPostprocessing = 0;
		};
/* End PBXResourcesBuildPhase section */

/* Begin PBXSourcesBuildPhase section */
		93AE79852A7C2A58003B8800 /* Sources */ = {
			isa = PBXSourcesBuildPhase;
			buildActionMask = 2147483647;
			files = (
				939821C92A7C5C37001221E0 /* Serializers.swift in Sources */,
				939821D12A7C6B6D001221E0 /* Pokedex.swift in Sources */,
				939821F82A7D66BF001221E0 /* ModelData.swift in Sources */,
				934EC5032A7E1D2800E00E1F /* Colors.swift in Sources */,
				93B5D6D22A7D889900D3EED9 /* PokedexRow.swift in Sources */,
				939821C72A7C52AB001221E0 /* ApiRouter.swift in Sources */,
				939821FC2A7D6784001221E0 /* PokemonSpecies.swift in Sources */,
				939821CD2A7C6110001221E0 /* ResponseError.swift in Sources */,
				939821D42A7C6B8A001221E0 /* Pokemon.swift in Sources */,
				93B5D6D02A7D888500D3EED9 /* PokedexView.swift in Sources */,
				93AE798F2A7C2A58003B8800 /* ContentView.swift in Sources */,
				939821E02A7C7154001221E0 /* PokemonView.swift in Sources */,
				93AE798D2A7C2A58003B8800 /* BancoCuscatlanChallengeApp.swift in Sources */,
				939821E22A7C7161001221E0 /* PokemonRow.swift in Sources */,
				939821CF2A7C611A001221E0 /* GenericError.swift in Sources */,
				939821E42A7C71A2001221E0 /* StatsRow.swift in Sources */,
				939821E62A7C7204001221E0 /* BodyRow.swift in Sources */,
			);
			runOnlyForDeploymentPostprocessing = 0;
		};
/* End PBXSourcesBuildPhase section */

/* Begin XCBuildConfiguration section */
		93AE79952A7C2A5A003B8800 /* Debug */ = {
			isa = XCBuildConfiguration;
			buildSettings = {
				ALWAYS_SEARCH_USER_PATHS = NO;
				CLANG_ANALYZER_NONNULL = YES;
				CLANG_ANALYZER_NUMBER_OBJECT_CONVERSION = YES_AGGRESSIVE;
				CLANG_CXX_LANGUAGE_STANDARD = "gnu++20";
				CLANG_ENABLE_MODULES = YES;
				CLANG_ENABLE_OBJC_ARC = YES;
				CLANG_ENABLE_OBJC_WEAK = YES;
				CLANG_WARN_BLOCK_CAPTURE_AUTORELEASING = YES;
				CLANG_WARN_BOOL_CONVERSION = YES;
				CLANG_WARN_COMMA = YES;
				CLANG_WARN_CONSTANT_CONVERSION = YES;
				CLANG_WARN_DEPRECATED_OBJC_IMPLEMENTATIONS = YES;
				CLANG_WARN_DIRECT_OBJC_ISA_USAGE = YES_ERROR;
				CLANG_WARN_DOCUMENTATION_COMMENTS = YES;
				CLANG_WARN_EMPTY_BODY = YES;
				CLANG_WARN_ENUM_CONVERSION = YES;
				CLANG_WARN_INFINITE_RECURSION = YES;
				CLANG_WARN_INT_CONVERSION = YES;
				CLANG_WARN_NON_LITERAL_NULL_CONVERSION = YES;
				CLANG_WARN_OBJC_IMPLICIT_RETAIN_SELF = YES;
				CLANG_WARN_OBJC_LITERAL_CONVERSION = YES;
				CLANG_WARN_OBJC_ROOT_CLASS = YES_ERROR;
				CLANG_WARN_QUOTED_INCLUDE_IN_FRAMEWORK_HEADER = YES;
				CLANG_WARN_RANGE_LOOP_ANALYSIS = YES;
				CLANG_WARN_STRICT_PROTOTYPES = YES;
				CLANG_WARN_SUSPICIOUS_MOVE = YES;
				CLANG_WARN_UNGUARDED_AVAILABILITY = YES_AGGRESSIVE;
				CLANG_WARN_UNREACHABLE_CODE = YES;
				CLANG_WARN__DUPLICATE_METHOD_MATCH = YES;
				COPY_PHASE_STRIP = NO;
				DEBUG_INFORMATION_FORMAT = dwarf;
				ENABLE_STRICT_OBJC_MSGSEND = YES;
				ENABLE_TESTABILITY = YES;
				GCC_C_LANGUAGE_STANDARD = gnu11;
				GCC_DYNAMIC_NO_PIC = NO;
				GCC_NO_COMMON_BLOCKS = YES;
				GCC_OPTIMIZATION_LEVEL = 0;
				GCC_PREPROCESSOR_DEFINITIONS = (
					"DEBUG=1",
					"$(inherited)",
				);
				GCC_WARN_64_TO_32_BIT_CONVERSION = YES;
				GCC_WARN_ABOUT_RETURN_TYPE = YES_ERROR;
				GCC_WARN_UNDECLARED_SELECTOR = YES;
				GCC_WARN_UNINITIALIZED_AUTOS = YES_AGGRESSIVE;
				GCC_WARN_UNUSED_FUNCTION = YES;
				GCC_WARN_UNUSED_VARIABLE = YES;
				IPHONEOS_DEPLOYMENT_TARGET = 16.0;
				MTL_ENABLE_DEBUG_INFO = INCLUDE_SOURCE;
				MTL_FAST_MATH = YES;
				ONLY_ACTIVE_ARCH = YES;
				SDKROOT = iphoneos;
				SWIFT_ACTIVE_COMPILATION_CONDITIONS = DEBUG;
				SWIFT_OPTIMIZATION_LEVEL = "-Onone";
			};
			name = Debug;
		};
		93AE79962A7C2A5A003B8800 /* Release */ = {
			isa = XCBuildConfiguration;
			buildSettings = {
				ALWAYS_SEARCH_USER_PATHS = NO;
				CLANG_ANALYZER_NONNULL = YES;
				CLANG_ANALYZER_NUMBER_OBJECT_CONVERSION = YES_AGGRESSIVE;
				CLANG_CXX_LANGUAGE_STANDARD = "gnu++20";
				CLANG_ENABLE_MODULES = YES;
				CLANG_ENABLE_OBJC_ARC = YES;
				CLANG_ENABLE_OBJC_WEAK = YES;
				CLANG_WARN_BLOCK_CAPTURE_AUTORELEASING = YES;
				CLANG_WARN_BOOL_CONVERSION = YES;
				CLANG_WARN_COMMA = YES;
				CLANG_WARN_CONSTANT_CONVERSION = YES;
				CLANG_WARN_DEPRECATED_OBJC_IMPLEMENTATIONS = YES;
				CLANG_WARN_DIRECT_OBJC_ISA_USAGE = YES_ERROR;
				CLANG_WARN_DOCUMENTATION_COMMENTS = YES;
				CLANG_WARN_EMPTY_BODY = YES;
				CLANG_WARN_ENUM_CONVERSION = YES;
				CLANG_WARN_INFINITE_RECURSION = YES;
				CLANG_WARN_INT_CONVERSION = YES;
				CLANG_WARN_NON_LITERAL_NULL_CONVERSION = YES;
				CLANG_WARN_OBJC_IMPLICIT_RETAIN_SELF = YES;
				CLANG_WARN_OBJC_LITERAL_CONVERSION = YES;
				CLANG_WARN_OBJC_ROOT_CLASS = YES_ERROR;
				CLANG_WARN_QUOTED_INCLUDE_IN_FRAMEWORK_HEADER = YES;
				CLANG_WARN_RANGE_LOOP_ANALYSIS = YES;
				CLANG_WARN_STRICT_PROTOTYPES = YES;
				CLANG_WARN_SUSPICIOUS_MOVE = YES;
				CLANG_WARN_UNGUARDED_AVAILABILITY = YES_AGGRESSIVE;
				CLANG_WARN_UNREACHABLE_CODE = YES;
				CLANG_WARN__DUPLICATE_METHOD_MATCH = YES;
				COPY_PHASE_STRIP = NO;
				DEBUG_INFORMATION_FORMAT = "dwarf-with-dsym";
				ENABLE_NS_ASSERTIONS = NO;
				ENABLE_STRICT_OBJC_MSGSEND = YES;
				GCC_C_LANGUAGE_STANDARD = gnu11;
				GCC_NO_COMMON_BLOCKS = YES;
				GCC_WARN_64_TO_32_BIT_CONVERSION = YES;
				GCC_WARN_ABOUT_RETURN_TYPE = YES_ERROR;
				GCC_WARN_UNDECLARED_SELECTOR = YES;
				GCC_WARN_UNINITIALIZED_AUTOS = YES_AGGRESSIVE;
				GCC_WARN_UNUSED_FUNCTION = YES;
				GCC_WARN_UNUSED_VARIABLE = YES;
				IPHONEOS_DEPLOYMENT_TARGET = 16.0;
				MTL_ENABLE_DEBUG_INFO = NO;
				MTL_FAST_MATH = YES;
				SDKROOT = iphoneos;
				SWIFT_COMPILATION_MODE = wholemodule;
				SWIFT_OPTIMIZATION_LEVEL = "-O";
				VALIDATE_PRODUCT = YES;
			};
			name = Release;
		};
		93AE79982A7C2A5A003B8800 /* Debug */ = {
			isa = XCBuildConfiguration;
			buildSettings = {
				ASSETCATALOG_COMPILER_APPICON_NAME = AppIcon;
				ASSETCATALOG_COMPILER_GLOBAL_ACCENT_COLOR_NAME = AccentColor;
				CODE_SIGN_STYLE = Automatic;
				CURRENT_PROJECT_VERSION = 1;
				DEVELOPMENT_ASSET_PATHS = "\"BancoCuscatlanChallenge/Preview Content\"";
				DEVELOPMENT_TEAM = 2M8P8W3R3P;
				ENABLE_PREVIEWS = YES;
				GENERATE_INFOPLIST_FILE = YES;
				INFOPLIST_KEY_UIApplicationSceneManifest_Generation = YES;
				INFOPLIST_KEY_UIApplicationSupportsIndirectInputEvents = YES;
				INFOPLIST_KEY_UILaunchScreen_Generation = YES;
				INFOPLIST_KEY_UISupportedInterfaceOrientations_iPad = "UIInterfaceOrientationPortrait UIInterfaceOrientationPortraitUpsideDown UIInterfaceOrientationLandscapeLeft UIInterfaceOrientationLandscapeRight";
				INFOPLIST_KEY_UISupportedInterfaceOrientations_iPhone = "UIInterfaceOrientationPortrait UIInterfaceOrientationLandscapeLeft UIInterfaceOrientationLandscapeRight";
				LD_RUNPATH_SEARCH_PATHS = (
					"$(inherited)",
					"@executable_path/Frameworks",
				);
				MARKETING_VERSION = 1.0;
				PRODUCT_BUNDLE_IDENTIFIER = com.mcruz.BancoCuscatlanChallenge;
				PRODUCT_NAME = "$(TARGET_NAME)";
				SWIFT_EMIT_LOC_STRINGS = YES;
				SWIFT_VERSION = 5.0;
				TARGETED_DEVICE_FAMILY = "1,2";
			};
			name = Debug;
		};
		93AE79992A7C2A5A003B8800 /* Release */ = {
			isa = XCBuildConfiguration;
			buildSettings = {
				ASSETCATALOG_COMPILER_APPICON_NAME = AppIcon;
				ASSETCATALOG_COMPILER_GLOBAL_ACCENT_COLOR_NAME = AccentColor;
				CODE_SIGN_STYLE = Automatic;
				CURRENT_PROJECT_VERSION = 1;
				DEVELOPMENT_ASSET_PATHS = "\"BancoCuscatlanChallenge/Preview Content\"";
				DEVELOPMENT_TEAM = 2M8P8W3R3P;
				ENABLE_PREVIEWS = YES;
				GENERATE_INFOPLIST_FILE = YES;
				INFOPLIST_KEY_UIApplicationSceneManifest_Generation = YES;
				INFOPLIST_KEY_UIApplicationSupportsIndirectInputEvents = YES;
				INFOPLIST_KEY_UILaunchScreen_Generation = YES;
				INFOPLIST_KEY_UISupportedInterfaceOrientations_iPad = "UIInterfaceOrientationPortrait UIInterfaceOrientationPortraitUpsideDown UIInterfaceOrientationLandscapeLeft UIInterfaceOrientationLandscapeRight";
				INFOPLIST_KEY_UISupportedInterfaceOrientations_iPhone = "UIInterfaceOrientationPortrait UIInterfaceOrientationLandscapeLeft UIInterfaceOrientationLandscapeRight";
				LD_RUNPATH_SEARCH_PATHS = (
					"$(inherited)",
					"@executable_path/Frameworks",
				);
				MARKETING_VERSION = 1.0;
				PRODUCT_BUNDLE_IDENTIFIER = com.mcruz.BancoCuscatlanChallenge;
				PRODUCT_NAME = "$(TARGET_NAME)";
				SWIFT_EMIT_LOC_STRINGS = YES;
				SWIFT_VERSION = 5.0;
				TARGETED_DEVICE_FAMILY = "1,2";
			};
			name = Release;
		};
/* End XCBuildConfiguration section */

/* Begin XCConfigurationList section */
		93AE79842A7C2A58003B8800 /* Build configuration list for PBXProject "BancoCuscatlanChallenge" */ = {
			isa = XCConfigurationList;
			buildConfigurations = (
				93AE79952A7C2A5A003B8800 /* Debug */,
				93AE79962A7C2A5A003B8800 /* Release */,
			);
			defaultConfigurationIsVisible = 0;
			defaultConfigurationName = Release;
		};
		93AE79972A7C2A5A003B8800 /* Build configuration list for PBXNativeTarget "BancoCuscatlanChallenge" */ = {
			isa = XCConfigurationList;
			buildConfigurations = (
				93AE79982A7C2A5A003B8800 /* Debug */,
				93AE79992A7C2A5A003B8800 /* Release */,
			);
			defaultConfigurationIsVisible = 0;
			defaultConfigurationName = Release;
		};
/* End XCConfigurationList section */

/* Begin XCRemoteSwiftPackageReference section */
		93AE79B32A7C4E41003B8800 /* XCRemoteSwiftPackageReference "Alamofire" */ = {
			isa = XCRemoteSwiftPackageReference;
			repositoryURL = "https://github.com/Alamofire/Alamofire.git";
			requirement = {
				kind = upToNextMajorVersion;
				minimumVersion = 5.0.0;
			};
		};
		93AE79B62A7C4E73003B8800 /* XCRemoteSwiftPackageReference "Nuke" */ = {
			isa = XCRemoteSwiftPackageReference;
			repositoryURL = "https://github.com/kean/Nuke.git";
			requirement = {
				kind = versionRange;
				maximumVersion = 13.0.0;
				minimumVersion = 12.0.0;
			};
		};
/* End XCRemoteSwiftPackageReference section */

/* Begin XCSwiftPackageProductDependency section */
		93AE79B42A7C4E41003B8800 /* Alamofire */ = {
			isa = XCSwiftPackageProductDependency;
			package = 93AE79B32A7C4E41003B8800 /* XCRemoteSwiftPackageReference "Alamofire" */;
			productName = Alamofire;
		};
		93AE79B72A7C4E73003B8800 /* Nuke */ = {
			isa = XCSwiftPackageProductDependency;
			package = 93AE79B62A7C4E73003B8800 /* XCRemoteSwiftPackageReference "Nuke" */;
			productName = Nuke;
		};
		93AE79B92A7C4E73003B8800 /* NukeExtensions */ = {
			isa = XCSwiftPackageProductDependency;
			package = 93AE79B62A7C4E73003B8800 /* XCRemoteSwiftPackageReference "Nuke" */;
			productName = NukeExtensions;
		};
		93AE79BB2A7C4E73003B8800 /* NukeUI */ = {
			isa = XCSwiftPackageProductDependency;
			package = 93AE79B62A7C4E73003B8800 /* XCRemoteSwiftPackageReference "Nuke" */;
			productName = NukeUI;
		};
		93AE79BD2A7C4E73003B8800 /* NukeVideo */ = {
			isa = XCSwiftPackageProductDependency;
			package = 93AE79B62A7C4E73003B8800 /* XCRemoteSwiftPackageReference "Nuke" */;
			productName = NukeVideo;
		};
/* End XCSwiftPackageProductDependency section */
	};
	rootObject = 93AE79812A7C2A58003B8800 /* Project object */;
}
